github.com/facebookgo/structtag v0.0.0-20150214074306-217e25fb9691 h1:KnnwHN59Jxec0htA2pe/i0/WI9vxXLQifdhBrP3lqcQ=
github.com/facebookgo/structtag v0.0.0-20150214074306-217e25fb9691/go.mod h1:sKLL1iua/0etWfo/nPCmyz+v2XDMXy+Ho53W7RAuZNY=
github.com/teou/implmap v0.0.0-20220223051011-e99c668c6344 h1:9bzpXfsKtJGIunac5/zUn9DH4ZN92u7tn0p4WEXiEws=
github.com/teou/implmap v0.0.0-20220223051011-e99c668c6344/go.mod h1:X4TKxbUhLhO5kNts/H0DT7na1MyQ0+1ughoz42ISOA0=
github.com/teou/ordered_map v1.0.0 h1:fXFcdoXU49pnDHqFCSzuVUxqZ9efspDc8vkp3Ea+dgc=
github.com/teou/ordered_map v1.0.0/go.mod h1:ZT3l58ctsa6fpWYlss4y5CpezmmZMSADvt+mEt5xbUY=
